<?xml version="1.0" encoding="utf-8"?>
<Project ToolsVersion="4.0" xmlns="http://schemas.microsoft.com/developer/msbuild/2003">
  <ItemGroup>
    <Filter Include="Source Files">
      <UniqueIdentifier>{8516dd08-5907-4dbe-80dc-6e7dab3a8f0a}</UniqueIdentifier>
      <Extensions>cpp;c;cxx;rc;def;r;odl;idl;hpj;bat</Extensions>
    </Filter>
    <Filter Include="Header Files">
      <UniqueIdentifier>{dafb9809-ade8-4d8f-9e86-35d35be010c0}</UniqueIdentifier>
      <Extensions>h;hpp;hxx;hm;inl</Extensions>
    </Filter>
    <Filter Include="Resource Files">
      <UniqueIdentifier>{fdaf20f3-4613-4213-91ca-7acb2099ad30}</UniqueIdentifier>
      <Extensions>ico;cur;bmp;dlg;rc2;rct;bin;rgs;gif;jpg;jpeg;jpe</Extensions>
    </Filter>
  </ItemGroup>
  <ItemGroup>
    <ClCompile Include="ChildFrm.cpp">
      <Filter>Source Files</Filter>
    </ClCompile>
    <ClCompile Include="Dib.cpp">
      <Filter>Source Files</Filter>
    </ClCompile>
    <ClCompile Include="DibEnhancement.cpp">
      <Filter>Source Files</Filter>
    </ClCompile>
    <ClCompile Include="DlgArithmetic.cpp">
      <Filter>Source Files</Filter>
    </ClCompile>
    <ClCompile Include="DlgConvert1D.cpp">
      <Filter>Source Files</Filter>
    </ClCompile>
    <ClCompile Include="DlgHistogram.cpp">
      <Filter>Source Files</Filter>
    </ClCompile>
    <ClCompile Include="DlgInputValue.cpp">
      <Filter>Source Files</Filter>
    </ClCompile>
    <ClCompile Include="DlgNewImage.cpp">
      <Filter>Source Files</Filter>
    </ClCompile>
    <ClCompile Include="MainFrm.cpp">
      <Filter>Source Files</Filter>
    </ClCompile>
    <ClCompile Include="MVStudio.cpp">
      <Filter>Source Files</Filter>
    </ClCompile>
    <ClCompile Include="MVStudioDoc.cpp">
      <Filter>Source Files</Filter>
    </ClCompile>
    <ClCompile Include="MVStudioView.cpp">
      <Filter>Source Files</Filter>
    </ClCompile>
    <ClCompile Include="RGBBYTE.cpp">
      <Filter>Source Files</Filter>
    </ClCompile>
    <ClCompile Include="StdAfx.cpp">
      <Filter>Source Files</Filter>
    </ClCompile>
  </ItemGroup>
  <ItemGroup>
    <ResourceCompile Include="MVStudio.rc">
      <Filter>Source Files</Filter>
    </ResourceCompile>
  </ItemGroup>
  <ItemGroup>
    <ClInclude Include="ChildFrm.h">
      <Filter>Header Files</Filter>
    </ClInclude>
    <ClInclude Include="Dib.h">
      <Filter>Header Files</Filter>
    </ClInclude>
    <ClInclude Include="DibEnhancement.h">
      <Filter>Header Files</Filter>
    </ClInclude>
    <ClInclude Include="DlgArithmetic.h">
      <Filter>Header Files</Filter>
    </ClInclude>
    <ClInclude Include="DlgConvert1D.h">
      <Filter>Header Files</Filter>
    </ClInclude>
    <ClInclude Include="DlgHistogram.h">
      <Filter>Header Files</Filter>
    </ClInclude>
    <ClInclude Include="DlgInputValue.h">
      <Filter>Header Files</Filter>
    </ClInclude>
    <ClInclude Include="DlgNewImage.h">
      <Filter>Header Files</Filter>
    </ClInclude>
    <ClInclude Include="MainFrm.h">
      <Filter>Header Files</Filter>
    </ClInclude>
    <ClInclude Include="MVStudio.h">
      <Filter>Header Files</Filter>
    </ClInclude>
    <ClInclude Include="MVStudioDoc.h">
      <Filter>Header Files</Filter>
    </ClInclude>
    <ClInclude Include="MVStudioView.h">
      <Filter>Header Files</Filter>
    </ClInclude>
    <ClInclude Include="Resource.h">
      <Filter>Header Files</Filter>
    </ClInclude>
    <ClInclude Include="RGBBYTE.h">
      <Filter>Header Files</Filter>
    </ClInclude>
    <ClInclude Include="StdAfx.h">
      <Filter>Header Files</Filter>
    </ClInclude>
  </ItemGroup>
  <ItemGroup>
    <Image Include="res\Histogram_YAxis_Title.bmp">
      <Filter>Resource Files</Filter>
    </Image>
    <Image Include="res\ico00001.ico">
      <Filter>Resource Files</Filter>
    </Image>
    <Image Include="res\ico00002.ico">
      <Filter>Resource Files</Filter>
    </Image>
    <Image Include="res\icon1.ico">
      <Filter>Resource Files</Filter>
    </Image>
    <Image Include="res\idr_main.ico">
      <Filter>Resource Files</Filter>
    </Image>
    <Image Include="res\MVStudio.ico">
      <Filter>Resource Files</Filter>
    </Image>
    <Image Include="res\MVStudioDoc.ico">
      <Filter>Resource Files</Filter>
    </Image>
    <Image Include="res\Toolbar.bmp">
      <Filter>Resource Files</Filter>
    </Image>
  </ItemGroup>
  <ItemGroup>
    <Text Include="ReadMe.txt" />
  </ItemGroup>
  <ItemGroup>
    <CustomBuild Include="res\hand_off.cur">
      <Filter>Resource Files</Filter>
    </CustomBuild>
    <CustomBuild Include="res\MVStudio.rc2">
      <Filter>Resource Files</Filter>
    </CustomBuild>
    <CustomBuild Include="nodrop.cur">
      <Filter>Resource Files</Filter>
    </CustomBuild>
    <CustomBuild Include="MVStudio.reg" />
  </ItemGroup>
</Project>